
Microsoft Visual Studio Solution File, Format Version 12.00
# Visual Studio Version 17
VisualStudioVersion = 17.8.34511.84
MinimumVisualStudioVersion = 10.0.40219.1
Project("{FAE04EC0-301F-11D3-BF4B-00C04F79EFBC}") = "MarkdownReader", "MarkdownReader.csproj", "{73F3D335-90FD-46EF-8F94-155FD22C9E23}"
EndProject
Global
	GlobalSection(SolutionConfigurationPlatforms) = preSolution
		Debug|Any CPU = Debug|Any CPU
		Release|Any CPU = Release|Any CPU
	EndGlobalSection
	GlobalSection(ProjectConfigurationPlatforms) = postSolution
		{73F3D335-90FD-46EF-8F94-155FD22C9E23}.Debug|Any CPU.ActiveCfg = Debug|Any CPU
		{73F3D335-90FD-46EF-8F94-155FD22C9E23}.Debug|Any CPU.Build.0 = Debug|Any CPU
		{73F3D335-90FD-46EF-8F94-155FD22C9E23}.Debug|Any CPU.Deploy.0 = Debug|Any CPU
		{73F3D335-90FD-46EF-8F94-155FD22C9E23}.Release|Any CPU.ActiveCfg = Release|Any CPU
		{73F3D335-90FD-46EF-8F94-155FD22C9E23}.Release|Any CPU.Build.0 = Release|Any CPU
		{73F3D335-90FD-46EF-8F94-155FD22C9E23}.Release|Any CPU.Deploy.0 = Release|Any CPU
	EndGlobalSection
	GlobalSection(SolutionProperties) = preSolution
		HideSolutionNode = FALSE
	EndGlobalSection
	GlobalSection(ExtensibilityGlobals) = postSolution
		SolutionGuid = {7E2CA737-2B09-43D5-B8FA-7C08A8D281F5}
	EndGlobalSection
EndGlobal
